<?xml version="1.0" encoding="utf-8"?>
<Project ToolsVersion="4.0" xmlns="http://schemas.microsoft.com/developer/msbuild/2003">
  <ItemGroup>
    <Filter Include="Header Files">
      <UniqueIdentifier>{93995380-89BD-4b04-88EB-625FBE52EBFB}</UniqueIdentifier>
      <Extensions>h;hh;hpp;hxx;hm;inl;inc;xsd</Extensions>
    </Filter>
    <Filter Include="Source Files">
      <UniqueIdentifier>{67DA6AB6-F800-4c08-8B7A-83BB121AAD01}</UniqueIdentifier>
      <Extensions>cpp;c</Extensions>
    </Filter>
    <Filter Include="MidiCreatorRef">
      <UniqueIdentifier>{c69c3e23-5fce-4ae6-becf-19f8fcb03341}</UniqueIdentifier>
    </Filter>
  </ItemGroup>
  <ItemGroup>
    <ClInclude Include="stdafx.h">
      <Filter>Header Files</Filter>
    </ClInclude>
    <ClInclude Include="targetver.h">
      <Filter>Header Files</Filter>
    </ClInclude>
  </ItemGroup>
  <ItemGroup>
    <ClCompile Include="Util.h">
      <Filter>Header Files</Filter>
    </ClCompile>
    <ClCompile Include="CRCTests.cpp">
      <Filter>Source Files</Filter>
    </ClCompile>
    <ClCompile Include="HeaderChunkTests.cpp">
      <Filter>Source Files</Filter>
    </ClCompile>
    <ClCompile Include="MidiEventTests.cpp">
      <Filter>Source Files</Filter>
    </ClCompile>
    <ClCompile Include="NoteTests.cpp">
      <Filter>Source Files</Filter>
    </ClCompile>
    <ClCompile Include="stdafx.cpp">
      <Filter>Source Files</Filter>
    </ClCompile>
    <ClCompile Include="TrackChunkTests.cpp">
      <Filter>Source Files</Filter>
    </ClCompile>
    <ClCompile Include="VLQTests.cpp">
      <Filter>Source Files</Filter>
    </ClCompile>
    <ClCompile Include="..\MidiCreator\SMF\Abstract\IEvent.cpp">
      <Filter>MidiCreatorRef</Filter>
    </ClCompile>
    <ClCompile Include="..\MidiCreator\SMF\Events\MetaEvent.cpp">
      <Filter>MidiCreatorRef</Filter>
    </ClCompile>
    <ClCompile Include="..\MidiCreator\SMF\Events\MidiEvent.cpp">
      <Filter>MidiCreatorRef</Filter>
    </ClCompile>
    <ClCompile Include="..\MidiCreator\SMF\Events\SystemExclusiveEvent.cpp">
      <Filter>MidiCreatorRef</Filter>
    </ClCompile>
    <ClCompile Include="..\MidiCreator\SMF\Events\TrackEvent.cpp">
      <Filter>MidiCreatorRef</Filter>
    </ClCompile>
    <ClCompile Include="..\MidiCreator\SMF\Util\SMF_Note.cpp">
      <Filter>MidiCreatorRef</Filter>
    </ClCompile>
    <ClCompile Include="..\MidiCreator\SMF\HeaderChunk.cpp">
      <Filter>MidiCreatorRef</Filter>
    </ClCompile>
    <ClCompile Include="..\MidiCreator\SMF\StandardMIDIFile.cpp">
      <Filter>MidiCreatorRef</Filter>
    </ClCompile>
    <ClCompile Include="..\MidiCreator\SMF\TrackChunk.cpp">
      <Filter>MidiCreatorRef</Filter>
    </ClCompile>
    <ClCompile Include="..\MidiCreator\Util\VLQ.cpp">
      <Filter>MidiCreatorRef</Filter>
    </ClCompile>
  </ItemGroup>
</Project>