<?xml version="1.0" encoding="utf-8"?>
<Project ToolsVersion="4.0" xmlns="http://schemas.microsoft.com/developer/msbuild/2003">
  <ItemGroup>
    <Filter Include="Source Files">
      <UniqueIdentifier>{4FC737F1-C7A5-4376-A066-2A32D752A2FF}</UniqueIdentifier>
      <Extensions>cpp;c;cc;cxx;def;odl;idl;hpj;bat;asm;asmx</Extensions>
    </Filter>
    <Filter Include="Header Files">
      <UniqueIdentifier>{93995380-89BD-4b04-88EB-625FBE52EBFB}</UniqueIdentifier>
      <Extensions>h;hh;hpp;hxx;hm;inl;inc;xsd</Extensions>
    </Filter>
    <Filter Include="Resource Files">
      <UniqueIdentifier>{67DA6AB6-F800-4c08-8B7A-83BB121AAD01}</UniqueIdentifier>
      <Extensions>rc;ico;cur;bmp;dlg;rc2;rct;bin;rgs;gif;jpg;jpeg;jpe;resx;tiff;tif;png;wav;mfcribbon-ms</Extensions>
    </Filter>
    <Filter Include="Header Files\Interfaces">
      <UniqueIdentifier>{3835d156-f083-4974-801c-f847096d544b}</UniqueIdentifier>
    </Filter>
    <Filter Include="Header Files\SMF">
      <UniqueIdentifier>{d52711df-0169-45e9-a008-0b7f3661f066}</UniqueIdentifier>
    </Filter>
    <Filter Include="Header Files\SMF\Events">
      <UniqueIdentifier>{693cb6a3-5aaa-4bf3-8865-bb6d375ddd95}</UniqueIdentifier>
    </Filter>
    <Filter Include="Source Files\Interfaces">
      <UniqueIdentifier>{b380577c-41b8-4cf2-98fc-d95efa11eda1}</UniqueIdentifier>
    </Filter>
    <Filter Include="Source Files\SMF">
      <UniqueIdentifier>{564b6494-9987-40ca-a789-4612d30b6cab}</UniqueIdentifier>
    </Filter>
    <Filter Include="Source Files\SMF\Events">
      <UniqueIdentifier>{194cf0ee-bd8a-4644-af66-181931a92c51}</UniqueIdentifier>
    </Filter>
    <Filter Include="Header Files\Enums">
      <UniqueIdentifier>{398587df-2c27-40a7-bbb3-db283431a0e4}</UniqueIdentifier>
    </Filter>
  </ItemGroup>
  <ItemGroup>
    <Text Include="ReadMe.txt" />
  </ItemGroup>
  <ItemGroup>
    <ClInclude Include="stdafx.h">
      <Filter>Header Files</Filter>
    </ClInclude>
    <ClInclude Include="targetver.h">
      <Filter>Header Files</Filter>
    </ClInclude>
    <ClInclude Include="SMF\HeaderChunk.h">
      <Filter>Header Files\SMF</Filter>
    </ClInclude>
    <ClInclude Include="SMF\StandardMIDIFile.h">
      <Filter>Header Files\SMF</Filter>
    </ClInclude>
    <ClInclude Include="SMF\TrackChunk.h">
      <Filter>Header Files\SMF</Filter>
    </ClInclude>
    <ClInclude Include="SMF\Enums\MetaEventType.h">
      <Filter>Header Files\Enums</Filter>
    </ClInclude>
    <ClInclude Include="SMF\Enums\FileFormat.h">
      <Filter>Header Files\Enums</Filter>
    </ClInclude>
    <ClInclude Include="Abstract\IEvent.h">
      <Filter>Header Files\Interfaces</Filter>
    </ClInclude>
    <ClInclude Include="Abstract\IConvertibleToByteCollection.h">
      <Filter>Header Files\Interfaces</Filter>
    </ClInclude>
    <ClInclude Include="SMF\Enums\MidiEventType.h">
      <Filter>Header Files\Enums</Filter>
    </ClInclude>
    <ClInclude Include="SMF\Events\MetaEvent.h">
      <Filter>Header Files\SMF\Events</Filter>
    </ClInclude>
    <ClInclude Include="SMF\Events\MidiEvent.h">
      <Filter>Header Files\SMF\Events</Filter>
    </ClInclude>
    <ClInclude Include="SMF\Events\SystemExclusiveEvent.h">
      <Filter>Header Files\SMF\Events</Filter>
    </ClInclude>
    <ClInclude Include="SMF\Events\TrackEvent.h">
      <Filter>Header Files\SMF\Events</Filter>
    </ClInclude>
    <ClInclude Include="SMF\Enums\EventType.h">
      <Filter>Header Files</Filter>
    </ClInclude>
    <ClInclude Include="Util\VLQ.h">
      <Filter>Header Files</Filter>
    </ClInclude>
    <ClInclude Include="SMF\Exceptions\BpmOutOfRangeException.h">
      <Filter>Header Files</Filter>
    </ClInclude>
    <ClInclude Include="SMF\Exceptions\IllegalDenominatorException.h">
      <Filter>Header Files</Filter>
    </ClInclude>
    <ClInclude Include="SMF\Exceptions\NoTracksException.h">
      <Filter>Header Files</Filter>
    </ClInclude>
    <ClInclude Include="SMF\Exceptions\TrackNumberOutOfRangeException.h">
      <Filter>Header Files</Filter>
    </ClInclude>
    <ClInclude Include="SMF\Exceptions\TrackClosedException.h">
      <Filter>Header Files</Filter>
    </ClInclude>
    <ClInclude Include="SMF\Exceptions\TrackNotClosedException.h">
      <Filter>Header Files</Filter>
    </ClInclude>
    <ClInclude Include="SMF\Enums\GMPatch.h">
      <Filter>Header Files</Filter>
    </ClInclude>
    <ClInclude Include="SMF\Enums\MIDIChannel.h">
      <Filter>Header Files</Filter>
    </ClInclude>
    <ClInclude Include="SMF\Util\Note.h">
      <Filter>Header Files</Filter>
    </ClInclude>
    <ClInclude Include="SMF\Enums\NotePitch.h">
      <Filter>Header Files</Filter>
    </ClInclude>
    <ClInclude Include="SMF\Exceptions\EventNotInitializedException.h">
      <Filter>Header Files</Filter>
    </ClInclude>
    <ClInclude Include="SMF\Exceptions\EventTypeNotSupportedException.h">
      <Filter>Header Files</Filter>
    </ClInclude>
  </ItemGroup>
  <ItemGroup>
    <ClCompile Include="stdafx.cpp">
      <Filter>Source Files</Filter>
    </ClCompile>
    <ClCompile Include="MidiCreator.cpp">
      <Filter>Source Files</Filter>
    </ClCompile>
    <ClCompile Include="SMF\HeaderChunk.cpp">
      <Filter>Source Files\SMF</Filter>
    </ClCompile>
    <ClCompile Include="SMF\TrackChunk.cpp">
      <Filter>Source Files\SMF</Filter>
    </ClCompile>
    <ClCompile Include="SMF\StandardMIDIFile.cpp">
      <Filter>Source Files\SMF</Filter>
    </ClCompile>
    <ClCompile Include="Abstract\IEvent.cpp">
      <Filter>Source Files\Interfaces</Filter>
    </ClCompile>
    <ClCompile Include="SMF\Events\MetaEvent.cpp">
      <Filter>Source Files\SMF\Events</Filter>
    </ClCompile>
    <ClCompile Include="SMF\Events\MidiEvent.cpp">
      <Filter>Source Files\SMF\Events</Filter>
    </ClCompile>
    <ClCompile Include="SMF\Events\SystemExclusiveEvent.cpp">
      <Filter>Source Files\SMF\Events</Filter>
    </ClCompile>
    <ClCompile Include="SMF\Events\TrackEvent.cpp">
      <Filter>Source Files\SMF\Events</Filter>
    </ClCompile>
    <ClCompile Include="Util\VLQ.cpp">
      <Filter>Source Files</Filter>
    </ClCompile>
    <ClCompile Include="SMF\Util\Note.cpp">
      <Filter>Source Files</Filter>
    </ClCompile>
  </ItemGroup>
</Project>